
Microsoft Visual Studio Solution File, Format Version 12.00
# Visual Studio Version 17
VisualStudioVersion = 17.0.32126.317
MinimumVisualStudioVersion = 10.0.40219.1
Project("{9A19103F-16F7-4668-BE54-9A1E7A4F7556}") = "Elemential", "Elemential\Elemential.csproj", "{A97B5370-6D10-4E02-8EEC-865E67684C3D}"
EndProject
Global
	GlobalSection(SolutionConfigurationPlatforms) = preSolution
		Debug|Any CPU = Debug|Any CPU
		Release|Any CPU = Release|Any CPU
	EndGlobalSection
	GlobalSection(ProjectConfigurationPlatforms) = postSolution
		{A97B5370-6D10-4E02-8EEC-865E67684C3D}.Debug|Any CPU.ActiveCfg = Debug|Any CPU
		{A97B5370-6D10-4E02-8EEC-865E67684C3D}.Debug|Any CPU.Build.0 = Debug|Any CPU
		{A97B5370-6D10-4E02-8EEC-865E67684C3D}.Release|Any CPU.ActiveCfg = Release|Any CPU
		{A97B5370-6D10-4E02-8EEC-865E67684C3D}.Release|Any CPU.Build.0 = Release|Any CPU
	EndGlobalSection
	GlobalSection(SolutionProperties) = preSolution
		HideSolutionNode = FALSE
	EndGlobalSection
	GlobalSection(ExtensibilityGlobals) = postSolution
		SolutionGuid = {C65C559A-C170-4954-8B10-84B775CF0F9D}
	EndGlobalSection
EndGlobal
